
Microsoft Visual Studio Solution File, Format Version 12.00
# Visual Studio Version 17
VisualStudioVersion = 17.7.34024.191
MinimumVisualStudioVersion = 10.0.40219.1
Project("{FAE04EC0-301F-11D3-BF4B-00C04F79EFBC}") = "Pisemka", "Pisemka\Pisemka.csproj", "{775856C3-DBF4-4206-935C-AC06759F19A4}"
EndProject
Global
	GlobalSection(SolutionConfigurationPlatforms) = preSolution
		Debug|Any CPU = Debug|Any CPU
		Release|Any CPU = Release|Any CPU
	EndGlobalSection
	GlobalSection(ProjectConfigurationPlatforms) = postSolution
		{775856C3-DBF4-4206-935C-AC06759F19A4}.Debug|Any CPU.ActiveCfg = Debug|Any CPU
		{775856C3-DBF4-4206-935C-AC06759F19A4}.Debug|Any CPU.Build.0 = Debug|Any CPU
		{775856C3-DBF4-4206-935C-AC06759F19A4}.Release|Any CPU.ActiveCfg = Release|Any CPU
		{775856C3-DBF4-4206-935C-AC06759F19A4}.Release|Any CPU.Build.0 = Release|Any CPU
	EndGlobalSection
	GlobalSection(SolutionProperties) = preSolution
		HideSolutionNode = FALSE
	EndGlobalSection
	GlobalSection(ExtensibilityGlobals) = postSolution
		SolutionGuid = {1EFAE534-A32E-438B-9BE8-66AD11A9B397}
	EndGlobalSection
EndGlobal
