
Microsoft Visual Studio Solution File, Format Version 12.00
# Visual Studio Version 17
VisualStudioVersion = 17.7.34024.191
MinimumVisualStudioVersion = 10.0.40219.1
Project("{FAE04EC0-301F-11D3-BF4B-00C04F79EFBC}") = "Singleton", "Singleton\Singleton.csproj", "{82406772-87AB-4619-8F74-F3B20C6EDC12}"
EndProject
Global
	GlobalSection(SolutionConfigurationPlatforms) = preSolution
		Debug|Any CPU = Debug|Any CPU
		Release|Any CPU = Release|Any CPU
	EndGlobalSection
	GlobalSection(ProjectConfigurationPlatforms) = postSolution
		{82406772-87AB-4619-8F74-F3B20C6EDC12}.Debug|Any CPU.ActiveCfg = Debug|Any CPU
		{82406772-87AB-4619-8F74-F3B20C6EDC12}.Debug|Any CPU.Build.0 = Debug|Any CPU
		{82406772-87AB-4619-8F74-F3B20C6EDC12}.Release|Any CPU.ActiveCfg = Release|Any CPU
		{82406772-87AB-4619-8F74-F3B20C6EDC12}.Release|Any CPU.Build.0 = Release|Any CPU
	EndGlobalSection
	GlobalSection(SolutionProperties) = preSolution
		HideSolutionNode = FALSE
	EndGlobalSection
	GlobalSection(ExtensibilityGlobals) = postSolution
		SolutionGuid = {74EDA731-01C1-4CB7-BE1C-C21F46CD937B}
	EndGlobalSection
EndGlobal
