
Microsoft Visual Studio Solution File, Format Version 12.00
# Visual Studio Version 17
VisualStudioVersion = 17.7.34024.191
MinimumVisualStudioVersion = 10.0.40219.1
Project("{FAE04EC0-301F-11D3-BF4B-00C04F79EFBC}") = "ConnectionManagerv2", "ConnectionManagerv2\ConnectionManagerv2.csproj", "{62518CDD-FD0F-4F15-9D38-6BDF3D5CBD96}"
EndProject
Global
	GlobalSection(SolutionConfigurationPlatforms) = preSolution
		Debug|Any CPU = Debug|Any CPU
		Release|Any CPU = Release|Any CPU
	EndGlobalSection
	GlobalSection(ProjectConfigurationPlatforms) = postSolution
		{62518CDD-FD0F-4F15-9D38-6BDF3D5CBD96}.Debug|Any CPU.ActiveCfg = Debug|Any CPU
		{62518CDD-FD0F-4F15-9D38-6BDF3D5CBD96}.Debug|Any CPU.Build.0 = Debug|Any CPU
		{62518CDD-FD0F-4F15-9D38-6BDF3D5CBD96}.Release|Any CPU.ActiveCfg = Release|Any CPU
		{62518CDD-FD0F-4F15-9D38-6BDF3D5CBD96}.Release|Any CPU.Build.0 = Release|Any CPU
	EndGlobalSection
	GlobalSection(SolutionProperties) = preSolution
		HideSolutionNode = FALSE
	EndGlobalSection
	GlobalSection(ExtensibilityGlobals) = postSolution
		SolutionGuid = {60FA21BE-6850-43A8-8C54-4830733FB6A6}
	EndGlobalSection
EndGlobal
