
Microsoft Visual Studio Solution File, Format Version 12.00
# Visual Studio Version 17
VisualStudioVersion = 17.7.34024.191
MinimumVisualStudioVersion = 10.0.40219.1
Project("{FAE04EC0-301F-11D3-BF4B-00C04F79EFBC}") = "Observer v2.0", "Observer v2.0\Observer v2.0.csproj", "{509944DF-D8E7-4F3B-9B33-2065D308CF7B}"
EndProject
Global
	GlobalSection(SolutionConfigurationPlatforms) = preSolution
		Debug|Any CPU = Debug|Any CPU
		Release|Any CPU = Release|Any CPU
	EndGlobalSection
	GlobalSection(ProjectConfigurationPlatforms) = postSolution
		{509944DF-D8E7-4F3B-9B33-2065D308CF7B}.Debug|Any CPU.ActiveCfg = Debug|Any CPU
		{509944DF-D8E7-4F3B-9B33-2065D308CF7B}.Debug|Any CPU.Build.0 = Debug|Any CPU
		{509944DF-D8E7-4F3B-9B33-2065D308CF7B}.Release|Any CPU.ActiveCfg = Release|Any CPU
		{509944DF-D8E7-4F3B-9B33-2065D308CF7B}.Release|Any CPU.Build.0 = Release|Any CPU
	EndGlobalSection
	GlobalSection(SolutionProperties) = preSolution
		HideSolutionNode = FALSE
	EndGlobalSection
	GlobalSection(ExtensibilityGlobals) = postSolution
		SolutionGuid = {E471F46F-2498-4F6B-AA93-EC3A7C12FABB}
	EndGlobalSection
EndGlobal
